
Microsoft Visual Studio Solution File, Format Version 12.00
# Visual Studio Version 16
VisualStudioVersion = 16.0.30128.74
MinimumVisualStudioVersion = 10.0.40219.1
Project("{FAE04EC0-301F-11D3-BF4B-00C04F79EFBC}") = "Farm 2.0 Edition", "Farm 2.0 Edition\Farm 2.0 Edition.csproj", "{89AE56E0-4C4B-4B63-B8BF-7D0E5FAA9E83}"
EndProject
Global
	GlobalSection(SolutionConfigurationPlatforms) = preSolution
		Debug|Any CPU = Debug|Any CPU
		Release|Any CPU = Release|Any CPU
	EndGlobalSection
	GlobalSection(ProjectConfigurationPlatforms) = postSolution
		{89AE56E0-4C4B-4B63-B8BF-7D0E5FAA9E83}.Debug|Any CPU.ActiveCfg = Debug|Any CPU
		{89AE56E0-4C4B-4B63-B8BF-7D0E5FAA9E83}.Debug|Any CPU.Build.0 = Debug|Any CPU
		{89AE56E0-4C4B-4B63-B8BF-7D0E5FAA9E83}.Release|Any CPU.ActiveCfg = Release|Any CPU
		{89AE56E0-4C4B-4B63-B8BF-7D0E5FAA9E83}.Release|Any CPU.Build.0 = Release|Any CPU
	EndGlobalSection
	GlobalSection(SolutionProperties) = preSolution
		HideSolutionNode = FALSE
	EndGlobalSection
	GlobalSection(ExtensibilityGlobals) = postSolution
		SolutionGuid = {1557B4C6-124F-4730-B51C-ADB692E63F13}
	EndGlobalSection
EndGlobal
